
Microsoft Visual Studio Solution File, Format Version 12.00
# Visual Studio Version 16
VisualStudioVersion = 16.0.30517.126
MinimumVisualStudioVersion = 10.0.40219.1
Project("{FAE04EC0-301F-11D3-BF4B-00C04F79EFBC}") = "WindowsFormsApp", "WindowsFormsApp.csproj", "{9B8668C0-ADCA-473A-AF1D-EB5693366D66}"
EndProject
Global
	GlobalSection(SolutionConfigurationPlatforms) = preSolution
		Debug|Any CPU = Debug|Any CPU
		Release|Any CPU = Release|Any CPU
	EndGlobalSection
	GlobalSection(ProjectConfigurationPlatforms) = postSolution
		{9B8668C0-ADCA-473A-AF1D-EB5693366D66}.Debug|Any CPU.ActiveCfg = Debug|Any CPU
		{9B8668C0-ADCA-473A-AF1D-EB5693366D66}.Debug|Any CPU.Build.0 = Debug|Any CPU
		{9B8668C0-ADCA-473A-AF1D-EB5693366D66}.Release|Any CPU.ActiveCfg = Release|Any CPU
		{9B8668C0-ADCA-473A-AF1D-EB5693366D66}.Release|Any CPU.Build.0 = Release|Any CPU
	EndGlobalSection
	GlobalSection(SolutionProperties) = preSolution
		HideSolutionNode = FALSE
	EndGlobalSection
	GlobalSection(ExtensibilityGlobals) = postSolution
		SolutionGuid = {4998C067-509F-4A7E-8E51-1B9B39B38242}
	EndGlobalSection
EndGlobal
